// !$*UTF8*$!
{
	archiveVersion = 1;
	classes = {
	};
	objectVersion = 50;
	objects = {

/* Begin PBXBuildFile section */
		FA4AFE9425E1281300EA5DBE /* AppDelegate.swift in Sources */ = {isa = PBXBuildFile; fileRef = FA4AFE9325E1281300EA5DBE /* AppDelegate.swift */; };
		FA4AFE9625E1281300EA5DBE /* SceneDelegate.swift in Sources */ = {isa = PBXBuildFile; fileRef = FA4AFE9525E1281300EA5DBE /* SceneDelegate.swift */; };
		FA4AFE9825E1281300EA5DBE /* ViewController.swift in Sources */ = {isa = PBXBuildFile; fileRef = FA4AFE9725E1281300EA5DBE /* ViewController.swift */; };
		FA4AFE9B25E1281300EA5DBE /* Main.storyboard in Resources */ = {isa = PBXBuildFile; fileRef = FA4AFE9925E1281300EA5DBE /* Main.storyboard */; };
		FA4AFE9D25E1281A00EA5DBE /* Assets.xcassets in Resources */ = {isa = PBXBuildFile; fileRef = FA4AFE9C25E1281A00EA5DBE /* Assets.xcassets */; };
		FA4AFEA025E1281A00EA5DBE /* LaunchScreen.storyboard in Resources */ = {isa = PBXBuildFile; fileRef = FA4AFE9E25E1281A00EA5DBE /* LaunchScreen.storyboard */; };
/* End PBXBuildFile section */

/* Begin PBXFileReference section */
		FA4AFE9025E1281300EA5DBE /* Message App.app */ = {isa = PBXFileReference; explicitFileType = wrapper.application; includeInIndex = 0; path = "Message App.app"; sourceTree = BUILT_PRODUCTS_DIR; };
		FA4AFE9325E1281300EA5DBE /* AppDelegate.swift */ = {isa = PBXFileReference; lastKnownFileType = sourcecode.swift; path = AppDelegate.swift; sourceTree = "<group>"; };
		FA4AFE9525E1281300EA5DBE /* SceneDelegate.swift */ = {isa = PBXFileReference; lastKnownFileType = sourcecode.swift; path = SceneDelegate.swift; sourceTree = "<group>"; };
		FA4AFE9725E1281300EA5DBE /* ViewController.swift */ = {isa = PBXFileReference; lastKnownFileType = sourcecode.swift; path = ViewController.swift; sourceTree = "<group>"; };
		FA4AFE9A25E1281300EA5DBE /* Base */ = {isa = PBXFileReference; lastKnownFileType = file.storyboard; name = Base; path = Base.lproj/Main.storyboard; sourceTree = "<group>"; };
		FA4AFE9C25E1281A00EA5DBE /* Assets.xcassets */ = {isa = PBXFileReference; lastKnownFileType = folder.assetcatalog; path = Assets.xcassets; sourceTree = "<group>"; };
		FA4AFE9F25E1281A00EA5DBE /* Base */ = {isa = PBXFileReference; lastKnownFileType = file.storyboard; name = Base; path = Base.lproj/LaunchScreen.storyboard; sourceTree = "<group>"; };
		FA4AFEA125E1281A00EA5DBE /* Info.plist */ = {isa = PBXFileReference; lastKnownFileType = text.plist.xml; path = Info.plist; sourceTree = "<group>"; };
/* End PBXFileReference section */

/* Begin PBXFrameworksBuildPhase section */
		FA4AFE8D25E1281300EA5DBE /* Frameworks */ = {
			isa = PBXFrameworksBuildPhase;
			buildActionMask = 2147483647;
			files = (
			);
			runOnlyForDeploymentPostprocessing = 0;
		};
/* End PBXFrameworksBuildPhase section */

/* Begin PBXGroup section */
		FA4AFE8725E1281300EA5DBE = {
			isa = PBXGroup;
			children = (
				FA4AFE9225E1281300EA5DBE /* Message App */,
				FA4AFE9125E1281300EA5DBE /* Products */,
			);
			sourceTree = "<group>";
		};
		FA4AFE9125E1281300EA5DBE /* Products */ = {
			isa = PBXGroup;
			children = (
				FA4AFE9025E1281300EA5DBE /* Message App.app */,
			);
			name = Products;
			sourceTree = "<group>";
		};
		FA4AFE9225E1281300EA5DBE /* Message App */ = {
			isa = PBXGroup;
			children = (
				FA4AFE9325E1281300EA5DBE /* AppDelegate.swift */,
				FA4AFE9525E1281300EA5DBE /* SceneDelegate.swift */,
				FA4AFE9725E1281300EA5DBE /* ViewController.swift */,
				FA4AFE9925E1281300EA5DBE /* Main.storyboard */,
				FA4AFE9C25E1281A00EA5DBE /* Assets.xcassets */,
				FA4AFE9E25E1281A00EA5DBE /* LaunchScreen.storyboard */,
				FA4AFEA125E1281A00EA5DBE /* Info.plist */,
			);
			path = "Message App";
			sourceTree = "<group>";
		};
/* End PBXGroup section */

/* Begin PBXNativeTarget section */
		FA4AFE8F25E1281300EA5DBE /* Message App */ = {
			isa = PBXNativeTarget;
			buildConfigurationList = FA4AFEA425E1281B00EA5DBE /* Build configuration list for PBXNativeTarget "Message App" */;
			buildPhases = (
				FA4AFE8C25E1281300EA5DBE /* Sources */,
				FA4AFE8D25E1281300EA5DBE /* Frameworks */,
				FA4AFE8E25E1281300EA5DBE /* Resources */,
			);
			buildRules = (
			);
			dependencies = (
			);
			name = "Message App";
			productName = "Message App";
			productReference = FA4AFE9025E1281300EA5DBE /* Message App.app */;
			productType = "com.apple.product-type.application";
		};
/* End PBXNativeTarget section */

/* Begin PBXProject section */
		FA4AFE8825E1281300EA5DBE /* Project object */ = {
			isa = PBXProject;
			attributes = {
				LastSwiftUpdateCheck = 1160;
				LastUpgradeCheck = 1160;
				ORGANIZATIONNAME = Almaalik;
				TargetAttributes = {
					FA4AFE8F25E1281300EA5DBE = {
						CreatedOnToolsVersion = 11.6;
					};
				};
			};
			buildConfigurationList = FA4AFE8B25E1281300EA5DBE /* Build configuration list for PBXProject "Message App" */;
			compatibilityVersion = "Xcode 9.3";
			developmentRegion = en;
			hasScannedForEncodings = 0;
			knownRegions = (
				en,
				Base,
			);
			mainGroup = FA4AFE8725E1281300EA5DBE;
			productRefGroup = FA4AFE9125E1281300EA5DBE /* Products */;
			projectDirPath = "";
			projectRoot = "";
			targets = (
				FA4AFE8F25E1281300EA5DBE /* Message App */,
			);
		};
/* End PBXProject section */

/* Begin PBXResourcesBuildPhase section */
		FA4AFE8E25E1281300EA5DBE /* Resources */ = {
			isa = PBXResourcesBuildPhase;
			buildActionMask = 2147483647;
			files = (
				FA4AFEA025E1281A00EA5DBE /* LaunchScreen.storyboard in Resources */,
				FA4AFE9D25E1281A00EA5DBE /* Assets.xcassets in Resources */,
				FA4AFE9B25E1281300EA5DBE /* Main.storyboard in Resources */,
			);
			runOnlyForDeploymentPostprocessing = 0;
		};
/* End PBXResourcesBuildPhase section */

/* Begin PBXSourcesBuildPhase section */
		FA4AFE8C25E1281300EA5DBE /* Sources */ = {
			isa = PBXSourcesBuildPhase;
			buildActionMask = 2147483647;
			files = (
				FA4AFE9825E1281300EA5DBE /* ViewController.swift in Sources */,
				FA4AFE9425E1281300EA5DBE /* AppDelegate.swift in Sources */,
				FA4AFE9625E1281300EA5DBE /* SceneDelegate.swift in Sources */,
			);
			runOnlyForDeploymentPostprocessing = 0;
		};
/* End PBXSourcesBuildPhase section */

/* Begin PBXVariantGroup section */
		FA4AFE9925E1281300EA5DBE /* Main.storyboard */ = {
			isa = PBXVariantGroup;
			children = (
				FA4AFE9A25E1281300EA5DBE /* Base */,
			);
			name = Main.storyboard;
			sourceTree = "<group>";
		};
		FA4AFE9E25E1281A00EA5DBE /* LaunchScreen.storyboard */ = {
			isa = PBXVariantGroup;
			children = (
				FA4AFE9F25E1281A00EA5DBE /* Base */,
			);
			name = LaunchScreen.storyboard;
			sourceTree = "<group>";
		};
/* End PBXVariantGroup section */

/* Begin XCBuildConfiguration section */
		FA4AFEA225E1281A00EA5DBE /* Debug */ = {
			isa = XCBuildConfiguration;
			buildSettings = {
				ALWAYS_SEARCH_USER_PATHS = NO;
				CLANG_ANALYZER_NONNULL = YES;
				CLANG_ANALYZER_NUMBER_OBJECT_CONVERSION = YES_AGGRESSIVE;
				CLANG_CXX_LANGUAGE_STANDARD = "gnu++14";
				CLANG_CXX_LIBRARY = "libc++";
				CLANG_ENABLE_MODULES = YES;
				CLANG_ENABLE_OBJC_ARC = YES;
				CLANG_ENABLE_OBJC_WEAK = YES;
				CLANG_WARN_BLOCK_CAPTURE_AUTORELEASING = YES;
				CLANG_WARN_BOOL_CONVERSION = YES;
				CLANG_WARN_COMMA = YES;
				CLANG_WARN_CONSTANT_CONVERSION = YES;
				CLANG_WARN_DEPRECATED_OBJC_IMPLEMENTATIONS = YES;
				CLANG_WARN_DIRECT_OBJC_ISA_USAGE = YES_ERROR;
				CLANG_WARN_DOCUMENTATION_COMMENTS = YES;
				CLANG_WARN_EMPTY_BODY = YES;
				CLANG_WARN_ENUM_CONVERSION = YES;
				CLANG_WARN_INFINITE_RECURSION = YES;
				CLANG_WARN_INT_CONVERSION = YES;
				CLANG_WARN_NON_LITERAL_NULL_CONVERSION = YES;
				CLANG_WARN_OBJC_IMPLICIT_RETAIN_SELF = YES;
				CLANG_WARN_OBJC_LITERAL_CONVERSION = YES;
				CLANG_WARN_OBJC_ROOT_CLASS = YES_ERROR;
				CLANG_WARN_RANGE_LOOP_ANALYSIS = YES;
				CLANG_WARN_STRICT_PROTOTYPES = YES;
				CLANG_WARN_SUSPICIOUS_MOVE = YES;
				CLANG_WARN_UNGUARDED_AVAILABILITY = YES_AGGRESSIVE;
				CLANG_WARN_UNREACHABLE_CODE = YES;
				CLANG_WARN__DUPLICATE_METHOD_MATCH = YES;
				COPY_PHASE_STRIP = NO;
				DEBUG_INFORMATION_FORMAT = dwarf;
				ENABLE_STRICT_OBJC_MSGSEND = YES;
				ENABLE_TESTABILITY = YES;
				GCC_C_LANGUAGE_STANDARD = gnu11;
				GCC_DYNAMIC_NO_PIC = NO;
				GCC_NO_COMMON_BLOCKS = YES;
				GCC_OPTIMIZATION_LEVEL = 0;
				GCC_PREPROCESSOR_DEFINITIONS = (
					"DEBUG=1",
					"$(inherited)",
				);
				GCC_WARN_64_TO_32_BIT_CONVERSION = YES;
				GCC_WARN_ABOUT_RETURN_TYPE = YES_ERROR;
				GCC_WARN_UNDECLARED_SELECTOR = YES;
				GCC_WARN_UNINITIALIZED_AUTOS = YES_AGGRESSIVE;
				GCC_WARN_UNUSED_FUNCTION = YES;
				GCC_WARN_UNUSED_VARIABLE = YES;
				IPHONEOS_DEPLOYMENT_TARGET = 13.6;
				MTL_ENABLE_DEBUG_INFO = INCLUDE_SOURCE;
				MTL_FAST_MATH = YES;
				ONLY_ACTIVE_ARCH = YES;
				SDKROOT = iphoneos;
				SWIFT_ACTIVE_COMPILATION_CONDITIONS = DEBUG;
				SWIFT_OPTIMIZATION_LEVEL = "-Onone";
			};
			name = Debug;
		};
		FA4AFEA325E1281A00EA5DBE /* Release */ = {
			isa = XCBuildConfiguration;
			buildSettings = {
				ALWAYS_SEARCH_USER_PATHS = NO;
				CLANG_ANALYZER_NONNULL = YES;
				CLANG_ANALYZER_NUMBER_OBJECT_CONVERSION = YES_AGGRESSIVE;
				CLANG_CXX_LANGUAGE_STANDARD = "gnu++14";
				CLANG_CXX_LIBRARY = "libc++";
				CLANG_ENABLE_MODULES = YES;
				CLANG_ENABLE_OBJC_ARC = YES;
				CLANG_ENABLE_OBJC_WEAK = YES;
				CLANG_WARN_BLOCK_CAPTURE_AUTORELEASING = YES;
				CLANG_WARN_BOOL_CONVERSION = YES;
				CLANG_WARN_COMMA = YES;
				CLANG_WARN_CONSTANT_CONVERSION = YES;
				CLANG_WARN_DEPRECATED_OBJC_IMPLEMENTATIONS = YES;
				CLANG_WARN_DIRECT_OBJC_ISA_USAGE = YES_ERROR;
				CLANG_WARN_DOCUMENTATION_COMMENTS = YES;
				CLANG_WARN_EMPTY_BODY = YES;
				CLANG_WARN_ENUM_CONVERSION = YES;
				CLANG_WARN_INFINITE_RECURSION = YES;
				CLANG_WARN_INT_CONVERSION = YES;
				CLANG_WARN_NON_LITERAL_NULL_CONVERSION = YES;
				CLANG_WARN_OBJC_IMPLICIT_RETAIN_SELF = YES;
				CLANG_WARN_OBJC_LITERAL_CONVERSION = YES;
				CLANG_WARN_OBJC_ROOT_CLASS = YES_ERROR;
				CLANG_WARN_RANGE_LOOP_ANALYSIS = YES;
				CLANG_WARN_STRICT_PROTOTYPES = YES;
				CLANG_WARN_SUSPICIOUS_MOVE = YES;
				CLANG_WARN_UNGUARDED_AVAILABILITY = YES_AGGRESSIVE;
				CLANG_WARN_UNREACHABLE_CODE = YES;
				CLANG_WARN__DUPLICATE_METHOD_MATCH = YES;
				COPY_PHASE_STRIP = NO;
				DEBUG_INFORMATION_FORMAT = "dwarf-with-dsym";
				ENABLE_NS_ASSERTIONS = NO;
				ENABLE_STRICT_OBJC_MSGSEND = YES;
				GCC_C_LANGUAGE_STANDARD = gnu11;
				GCC_NO_COMMON_BLOCKS = YES;
				GCC_WARN_64_TO_32_BIT_CONVERSION = YES;
				GCC_WARN_ABOUT_RETURN_TYPE = YES_ERROR;
				GCC_WARN_UNDECLARED_SELECTOR = YES;
				GCC_WARN_UNINITIALIZED_AUTOS = YES_AGGRESSIVE;
				GCC_WARN_UNUSED_FUNCTION = YES;
				GCC_WARN_UNUSED_VARIABLE = YES;
				IPHONEOS_DEPLOYMENT_TARGET = 13.6;
				MTL_ENABLE_DEBUG_INFO = NO;
				MTL_FAST_MATH = YES;
				SDKROOT = iphoneos;
				SWIFT_COMPILATION_MODE = wholemodule;
				SWIFT_OPTIMIZATION_LEVEL = "-O";
				VALIDATE_PRODUCT = YES;
			};
			name = Release;
		};
		FA4AFEA525E1281B00EA5DBE /* Debug */ = {
			isa = XCBuildConfiguration;
			buildSettings = {
				ASSETCATALOG_COMPILER_APPICON_NAME = AppIcon;
				CODE_SIGN_STYLE = Automatic;
				DEVELOPMENT_TEAM = 2W79HMLKDH;
				INFOPLIST_FILE = "Message App/Info.plist";
				LD_RUNPATH_SEARCH_PATHS = (
					"$(inherited)",
					"@executable_path/Frameworks",
				);
				PRODUCT_BUNDLE_IDENTIFIER = "com.almaalik..Message-App";
				PRODUCT_NAME = "$(TARGET_NAME)";
				SWIFT_VERSION = 5.0;
				TARGETED_DEVICE_FAMILY = "1,2";
			};
			name = Debug;
		};
		FA4AFEA625E1281B00EA5DBE /* Release */ = {
			isa = XCBuildConfiguration;
			buildSettings = {
				ASSETCATALOG_COMPILER_APPICON_NAME = AppIcon;
				CODE_SIGN_STYLE = Automatic;
				DEVELOPMENT_TEAM = 2W79HMLKDH;
				INFOPLIST_FILE = "Message App/Info.plist";
				LD_RUNPATH_SEARCH_PATHS = (
					"$(inherited)",
					"@executable_path/Frameworks",
				);
				PRODUCT_BUNDLE_IDENTIFIER = "com.almaalik..Message-App";
				PRODUCT_NAME = "$(TARGET_NAME)";
				SWIFT_VERSION = 5.0;
				TARGETED_DEVICE_FAMILY = "1,2";
			};
			name = Release;
		};
/* End XCBuildConfiguration section */

/* Begin XCConfigurationList section */
		FA4AFE8B25E1281300EA5DBE /* Build configuration list for PBXProject "Message App" */ = {
			isa = XCConfigurationList;
			buildConfigurations = (
				FA4AFEA225E1281A00EA5DBE /* Debug */,
				FA4AFEA325E1281A00EA5DBE /* Release */,
			);
			defaultConfigurationIsVisible = 0;
			defaultConfigurationName = Release;
		};
		FA4AFEA425E1281B00EA5DBE /* Build configuration list for PBXNativeTarget "Message App" */ = {
			isa = XCConfigurationList;
			buildConfigurations = (
				FA4AFEA525E1281B00EA5DBE /* Debug */,
				FA4AFEA625E1281B00EA5DBE /* Release */,
			);
			defaultConfigurationIsVisible = 0;
			defaultConfigurationName = Release;
		};
/* End XCConfigurationList section */
	};
	rootObject = FA4AFE8825E1281300EA5DBE /* Project object */;
}
